
Microsoft Visual Studio Solution File, Format Version 12.00
# Visual Studio Version 17
VisualStudioVersion = 17.7.34009.444
MinimumVisualStudioVersion = 10.0.40219.1
Project("{FAE04EC0-301F-11D3-BF4B-00C04F79EFBC}") = "ISTNotification", "ISTNotification\ISTNotification.csproj", "{4442FA24-BF69-4C78-AFE7-BB8F123E0135}"
EndProject
Project("{54435603-DBB4-11D2-8724-00A0C9A8B90C}") = "ISTNInstaller", "ISTNInstaller\ISTNInstaller.vdproj", "{10A571C2-8981-4CE3-981A-DB823D1DFC44}"
EndProject
Global
	GlobalSection(SolutionConfigurationPlatforms) = preSolution
		Debug|Any CPU = Debug|Any CPU
		Release|Any CPU = Release|Any CPU
	EndGlobalSection
	GlobalSection(ProjectConfigurationPlatforms) = postSolution
		{4442FA24-BF69-4C78-AFE7-BB8F123E0135}.Debug|Any CPU.ActiveCfg = Debug|Any CPU
		{4442FA24-BF69-4C78-AFE7-BB8F123E0135}.Debug|Any CPU.Build.0 = Debug|Any CPU
		{4442FA24-BF69-4C78-AFE7-BB8F123E0135}.Release|Any CPU.ActiveCfg = Release|Any CPU
		{4442FA24-BF69-4C78-AFE7-BB8F123E0135}.Release|Any CPU.Build.0 = Release|Any CPU
		{10A571C2-8981-4CE3-981A-DB823D1DFC44}.Debug|Any CPU.ActiveCfg = Debug
		{10A571C2-8981-4CE3-981A-DB823D1DFC44}.Release|Any CPU.ActiveCfg = Release
	EndGlobalSection
	GlobalSection(SolutionProperties) = preSolution
		HideSolutionNode = FALSE
	EndGlobalSection
	GlobalSection(ExtensibilityGlobals) = postSolution
		SolutionGuid = {B3D27C7C-6196-4DEC-A203-360763BAA823}
	EndGlobalSection
EndGlobal
